
Microsoft Visual Studio Solution File, Format Version 12.00
# Visual Studio 14
VisualStudioVersion = 14.0.25420.1
MinimumVisualStudioVersion = 10.0.40219.1
Project("{FAE04EC0-301F-11D3-BF4B-00C04F79EFBC}") = "AngularAPI", "AngularAPI.csproj", "{7B4D8EBF-7D6A-433A-858F-162B594D2404}"
EndProject
Project("{00D1A9C2-B5F0-4AF3-8072-F6C62B433612}") = "Products", "Products\Products.sqlproj", "{1B35F1C2-188F-42D3-8665-11252528E809}"
EndProject
Global
	GlobalSection(SolutionConfigurationPlatforms) = preSolution
		Debug|Any CPU = Debug|Any CPU
		Release|Any CPU = Release|Any CPU
	EndGlobalSection
	GlobalSection(ProjectConfigurationPlatforms) = postSolution
		{7B4D8EBF-7D6A-433A-858F-162B594D2404}.Debug|Any CPU.ActiveCfg = Debug|Any CPU
		{7B4D8EBF-7D6A-433A-858F-162B594D2404}.Debug|Any CPU.Build.0 = Debug|Any CPU
		{7B4D8EBF-7D6A-433A-858F-162B594D2404}.Release|Any CPU.ActiveCfg = Release|Any CPU
		{7B4D8EBF-7D6A-433A-858F-162B594D2404}.Release|Any CPU.Build.0 = Release|Any CPU
		{1B35F1C2-188F-42D3-8665-11252528E809}.Debug|Any CPU.ActiveCfg = Debug|Any CPU
		{1B35F1C2-188F-42D3-8665-11252528E809}.Debug|Any CPU.Build.0 = Debug|Any CPU
		{1B35F1C2-188F-42D3-8665-11252528E809}.Debug|Any CPU.Deploy.0 = Debug|Any CPU
		{1B35F1C2-188F-42D3-8665-11252528E809}.Release|Any CPU.ActiveCfg = Release|Any CPU
		{1B35F1C2-188F-42D3-8665-11252528E809}.Release|Any CPU.Build.0 = Release|Any CPU
		{1B35F1C2-188F-42D3-8665-11252528E809}.Release|Any CPU.Deploy.0 = Release|Any CPU
	EndGlobalSection
	GlobalSection(SolutionProperties) = preSolution
		HideSolutionNode = FALSE
	EndGlobalSection
EndGlobal
